<?xml version="1.0" encoding="utf-8"?>
<Project ToolsVersion="4.0" xmlns="http://schemas.microsoft.com/developer/msbuild/2003">
  <ItemGroup>
    <Filter Include="Source Files">
      <UniqueIdentifier>{7331e41e-4f21-486c-9976-67e56b4962a8}</UniqueIdentifier>
      <Extensions>cpp;c;cxx;rc;def;r;odl;idl;hpj;bat</Extensions>
    </Filter>
    <Filter Include="Header Files">
      <UniqueIdentifier>{b85c3d76-1d0c-4af2-8c00-a6ddc2d708f5}</UniqueIdentifier>
      <Extensions>h;hpp;hxx;hm;inl</Extensions>
    </Filter>
    <Filter Include="Resource Files">
      <UniqueIdentifier>{0a618beb-e23e-4b7e-a86b-0c70d4545e24}</UniqueIdentifier>
      <Extensions>ico;cur;bmp;dlg;rc2;rct;bin;rgs;gif;jpg;jpeg;jpe</Extensions>
    </Filter>
  </ItemGroup>
  <ItemGroup>
    <ClCompile Include="AnotherView.cpp">
      <Filter>Source Files</Filter>
    </ClCompile>
    <ClCompile Include="BACKUPDLG.cpp">
      <Filter>Source Files</Filter>
    </ClCompile>
    <ClCompile Include="BMP.cpp">
      <Filter>Source Files</Filter>
    </ClCompile>
    <ClCompile Include="ForeMange.cpp">
      <Filter>Source Files</Filter>
    </ClCompile>
    <ClCompile Include="GATHERIN.cpp">
      <Filter>Source Files</Filter>
    </ClCompile>
    <ClCompile Include="GATHEROUT.cpp">
      <Filter>Source Files</Filter>
    </ClCompile>
    <ClCompile Include="GfxGroupEdit.cpp">
      <Filter>Source Files</Filter>
    </ClCompile>
    <ClCompile Include="GfxOutBarCtrl.cpp">
      <Filter>Source Files</Filter>
    </ClCompile>
    <ClCompile Include="GfxPopupMenu.cpp">
      <Filter>Source Files</Filter>
    </ClCompile>
    <ClCompile Include="HCDB.cpp">
      <Filter>Source Files</Filter>
    </ClCompile>
    <ClCompile Include="HCDBDoc.cpp">
      <Filter>Source Files</Filter>
    </ClCompile>
    <ClCompile Include="HCDBView.cpp">
      <Filter>Source Files</Filter>
    </ClCompile>
    <ClCompile Include="Hutext.cpp">
      <Filter>Source Files</Filter>
    </ClCompile>
    <ClCompile Include="INDETAIL.cpp">
      <Filter>Source Files</Filter>
    </ClCompile>
    <ClCompile Include="INSTOCKMANGE.cpp">
      <Filter>Source Files</Filter>
    </ClCompile>
    <ClCompile Include="INSTOCKQUERY.cpp">
      <Filter>Source Files</Filter>
    </ClCompile>
    <ClCompile Include="MainFrm.cpp">
      <Filter>Source Files</Filter>
    </ClCompile>
    <ClCompile Include="MQQAppearanceDlg.cpp">
      <Filter>Source Files</Filter>
    </ClCompile>
    <ClCompile Include="MyCanShowEdit.cpp">
      <Filter>Source Files</Filter>
    </ClCompile>
    <ClCompile Include="MyEdit.cpp">
      <Filter>Source Files</Filter>
    </ClCompile>
    <ClCompile Include="MyEditShowList.cpp">
      <Filter>Source Files</Filter>
    </ClCompile>
    <ClCompile Include="MyList.cpp">
      <Filter>Source Files</Filter>
    </ClCompile>
    <ClCompile Include="MyListCtrl.cpp">
      <Filter>Source Files</Filter>
    </ClCompile>
    <ClCompile Include="MyNumEdit.cpp">
      <Filter>Source Files</Filter>
    </ClCompile>
    <ClCompile Include="OUTDETAIL.cpp">
      <Filter>Source Files</Filter>
    </ClCompile>
    <ClCompile Include="OUTSTOCKMANGE.cpp">
      <Filter>Source Files</Filter>
    </ClCompile>
    <ClCompile Include="OUTSTOCKQUERY.cpp">
      <Filter>Source Files</Filter>
    </ClCompile>
    <ClCompile Include="PASSDLG.cpp">
      <Filter>Source Files</Filter>
    </ClCompile>
    <ClCompile Include="PROVDLG.cpp">
      <Filter>Source Files</Filter>
    </ClCompile>
    <ClCompile Include="RESTOREDLG.cpp">
      <Filter>Source Files</Filter>
    </ClCompile>
    <ClCompile Include="SALESQUERY.cpp">
      <Filter>Source Files</Filter>
    </ClCompile>
    <ClCompile Include="SALESQUITDLG.cpp">
      <Filter>Source Files</Filter>
    </ClCompile>
    <ClCompile Include="StdAfx.cpp">
      <Filter>Source Files</Filter>
    </ClCompile>
    <ClCompile Include="STOCKMANAGE.cpp">
      <Filter>Source Files</Filter>
    </ClCompile>
    <ClCompile Include="SYSDLG.cpp">
      <Filter>Source Files</Filter>
    </ClCompile>
  </ItemGroup>
  <ItemGroup>
    <ResourceCompile Include="HCDB.rc">
      <Filter>Source Files</Filter>
    </ResourceCompile>
  </ItemGroup>
  <ItemGroup>
    <ClInclude Include="AnotherView.h">
      <Filter>Header Files</Filter>
    </ClInclude>
    <ClInclude Include="BACKUPDLG.h">
      <Filter>Header Files</Filter>
    </ClInclude>
    <ClInclude Include="BMP.h">
      <Filter>Header Files</Filter>
    </ClInclude>
    <ClInclude Include="ForeMange.h">
      <Filter>Header Files</Filter>
    </ClInclude>
    <ClInclude Include="GATHERIN.h">
      <Filter>Header Files</Filter>
    </ClInclude>
    <ClInclude Include="GATHEROUT.h">
      <Filter>Header Files</Filter>
    </ClInclude>
    <ClInclude Include="GfxGroupEdit.h">
      <Filter>Header Files</Filter>
    </ClInclude>
    <ClInclude Include="GfxOutBarCtrl.h">
      <Filter>Header Files</Filter>
    </ClInclude>
    <ClInclude Include="GfxPopupMenu.h">
      <Filter>Header Files</Filter>
    </ClInclude>
    <ClInclude Include="HCDB.h">
      <Filter>Header Files</Filter>
    </ClInclude>
    <ClInclude Include="HCDBDoc.h">
      <Filter>Header Files</Filter>
    </ClInclude>
    <ClInclude Include="HCDBView.h">
      <Filter>Header Files</Filter>
    </ClInclude>
    <ClInclude Include="Hutext.h">
      <Filter>Header Files</Filter>
    </ClInclude>
    <ClInclude Include="INDETAIL.h">
      <Filter>Header Files</Filter>
    </ClInclude>
    <ClInclude Include="INSTOCKMANGE.h">
      <Filter>Header Files</Filter>
    </ClInclude>
    <ClInclude Include="INSTOCKQUERY.h">
      <Filter>Header Files</Filter>
    </ClInclude>
    <ClInclude Include="MainFrm.h">
      <Filter>Header Files</Filter>
    </ClInclude>
    <ClInclude Include="MQQAppearanceDlg.h">
      <Filter>Header Files</Filter>
    </ClInclude>
    <ClInclude Include="MyCanShowEdit.h">
      <Filter>Header Files</Filter>
    </ClInclude>
    <ClInclude Include="MyEdit.h">
      <Filter>Header Files</Filter>
    </ClInclude>
    <ClInclude Include="MyEditShowList.h">
      <Filter>Header Files</Filter>
    </ClInclude>
    <ClInclude Include="MyList.h">
      <Filter>Header Files</Filter>
    </ClInclude>
    <ClInclude Include="MyListCtrl.h">
      <Filter>Header Files</Filter>
    </ClInclude>
    <ClInclude Include="MyNumEdit.h">
      <Filter>Header Files</Filter>
    </ClInclude>
    <ClInclude Include="OUTDETAIL.h">
      <Filter>Header Files</Filter>
    </ClInclude>
    <ClInclude Include="OUTSTOCKMANGE.h">
      <Filter>Header Files</Filter>
    </ClInclude>
    <ClInclude Include="OUTSTOCKQUERY.h">
      <Filter>Header Files</Filter>
    </ClInclude>
    <ClInclude Include="PASSDLG.h">
      <Filter>Header Files</Filter>
    </ClInclude>
    <ClInclude Include="PROVDLG.h">
      <Filter>Header Files</Filter>
    </ClInclude>
    <ClInclude Include="Resource.h">
      <Filter>Header Files</Filter>
    </ClInclude>
    <ClInclude Include="RESTOREDLG.h">
      <Filter>Header Files</Filter>
    </ClInclude>
    <ClInclude Include="SALESQUERY.h">
      <Filter>Header Files</Filter>
    </ClInclude>
    <ClInclude Include="SALESQUITDLG.h">
      <Filter>Header Files</Filter>
    </ClInclude>
    <ClInclude Include="StdAfx.h">
      <Filter>Header Files</Filter>
    </ClInclude>
    <ClInclude Include="STOCKMANAGE.h">
      <Filter>Header Files</Filter>
    </ClInclude>
    <ClInclude Include="SYSDLG.h">
      <Filter>Header Files</Filter>
    </ClInclude>
  </ItemGroup>
  <ItemGroup>
    <CustomBuild Include="Bliss.bmp">
      <Filter>Resource Files</Filter>
    </CustomBuild>
    <CustomBuild Include="res\cursor1.cur">
      <Filter>Resource Files</Filter>
    </CustomBuild>
    <CustomBuild Include="res\dragging.cur">
      <Filter>Resource Files</Filter>
    </CustomBuild>
    <CustomBuild Include="res\handcur.cur">
      <Filter>Resource Files</Filter>
    </CustomBuild>
    <CustomBuild Include="res\HCDB.ico">
      <Filter>Resource Files</Filter>
    </CustomBuild>
    <CustomBuild Include="res\HCDB.rc2">
      <Filter>Resource Files</Filter>
    </CustomBuild>
    <CustomBuild Include="res\HCDBDoc.ico">
      <Filter>Resource Files</Filter>
    </CustomBuild>
    <CustomBuild Include="res\LargeIcon.bmp">
      <Filter>Resource Files</Filter>
    </CustomBuild>
    <CustomBuild Include="res\nodraggi.cur">
      <Filter>Resource Files</Filter>
    </CustomBuild>
    <CustomBuild Include="res\SmallIcon.bmp">
      <Filter>Resource Files</Filter>
    </CustomBuild>
    <CustomBuild Include="res\Toolbar.bmp">
      <Filter>Resource Files</Filter>
    </CustomBuild>
    <CustomBuild Include="ReadMe.txt" />
  </ItemGroup>
</Project>